
Microsoft Visual Studio Solution File, Format Version 12.00
# Visual Studio 14
VisualStudioVersion = 14.0.25420.1
MinimumVisualStudioVersion = 10.0.40219.1
Project("{FAE04EC0-301F-11D3-BF4B-00C04F79EFBC}") = "Data", "Data\Data.csproj", "{BC63D1A8-52F7-4B66-8160-0A9B4796FFF3}"
EndProject
Project("{FAE04EC0-301F-11D3-BF4B-00C04F79EFBC}") = "RepositoryEF", "Repository\RepositoryEF.csproj", "{A420A739-E409-4DBF-909D-B6036BB29ADE}"
EndProject
Project("{FAE04EC0-301F-11D3-BF4B-00C04F79EFBC}") = "Business", "Business\Business.csproj", "{93DF4D6D-3827-4E67-9DEA-84CDDEE5B966}"
EndProject
Project("{FAE04EC0-301F-11D3-BF4B-00C04F79EFBC}") = "Tools", "Tools\Tools.csproj", "{163DBA27-74CB-4FB4-A299-932D8AC16AFF}"
EndProject
Project("{FAE04EC0-301F-11D3-BF4B-00C04F79EFBC}") = "Front", "BlueoceanMVC\Front.csproj", "{C54E63DD-0473-480E-8E75-81C6898F13F5}"
EndProject
Project("{FAE04EC0-301F-11D3-BF4B-00C04F79EFBC}") = "Entities", "Entities\Entities.csproj", "{E9BCFEA1-958D-4B9E-97BC-216E57B1B683}"
EndProject
Project("{2150E333-8FDC-42A3-9474-1A3956D46DE8}") = "1.0 - Presentation", "1.0 - Presentation", "{1D8E4D49-FBAF-47E0-8EDA-D9F02B63078D}"
EndProject
Project("{2150E333-8FDC-42A3-9474-1A3956D46DE8}") = "2.0 - Application", "2.0 - Application", "{DBCB18E6-E055-494E-852C-D33729843820}"
EndProject
Project("{2150E333-8FDC-42A3-9474-1A3956D46DE8}") = "3.0 - Domain", "3.0 - Domain", "{3876DDC7-57F5-46B7-BBB7-ECB1ED0BF2A9}"
EndProject
Project("{2150E333-8FDC-42A3-9474-1A3956D46DE8}") = "4.0 - Data", "4.0 - Data", "{7A1DCE7F-7ACD-404A-8762-469DBFA90CD3}"
EndProject
Project("{FAE04EC0-301F-11D3-BF4B-00C04F79EFBC}") = "Interfaces", "Interfaces\Interfaces.csproj", "{DEC5C2C9-F157-41F7-931E-5332EC71E3F8}"
EndProject
Project("{FAE04EC0-301F-11D3-BF4B-00C04F79EFBC}") = "Services", "Services\Services.csproj", "{9CE84C68-758E-402D-958F-94393D1F84A0}"
EndProject
Global
	GlobalSection(SolutionConfigurationPlatforms) = preSolution
		Debug|Any CPU = Debug|Any CPU
		Release|Any CPU = Release|Any CPU
	EndGlobalSection
	GlobalSection(ProjectConfigurationPlatforms) = postSolution
		{BC63D1A8-52F7-4B66-8160-0A9B4796FFF3}.Debug|Any CPU.ActiveCfg = Debug|Any CPU
		{BC63D1A8-52F7-4B66-8160-0A9B4796FFF3}.Debug|Any CPU.Build.0 = Debug|Any CPU
		{BC63D1A8-52F7-4B66-8160-0A9B4796FFF3}.Release|Any CPU.ActiveCfg = Release|Any CPU
		{BC63D1A8-52F7-4B66-8160-0A9B4796FFF3}.Release|Any CPU.Build.0 = Release|Any CPU
		{A420A739-E409-4DBF-909D-B6036BB29ADE}.Debug|Any CPU.ActiveCfg = Debug|Any CPU
		{A420A739-E409-4DBF-909D-B6036BB29ADE}.Debug|Any CPU.Build.0 = Debug|Any CPU
		{A420A739-E409-4DBF-909D-B6036BB29ADE}.Release|Any CPU.ActiveCfg = Release|Any CPU
		{A420A739-E409-4DBF-909D-B6036BB29ADE}.Release|Any CPU.Build.0 = Release|Any CPU
		{93DF4D6D-3827-4E67-9DEA-84CDDEE5B966}.Debug|Any CPU.ActiveCfg = Debug|Any CPU
		{93DF4D6D-3827-4E67-9DEA-84CDDEE5B966}.Debug|Any CPU.Build.0 = Debug|Any CPU
		{93DF4D6D-3827-4E67-9DEA-84CDDEE5B966}.Release|Any CPU.ActiveCfg = Release|Any CPU
		{93DF4D6D-3827-4E67-9DEA-84CDDEE5B966}.Release|Any CPU.Build.0 = Release|Any CPU
		{163DBA27-74CB-4FB4-A299-932D8AC16AFF}.Debug|Any CPU.ActiveCfg = Debug|Any CPU
		{163DBA27-74CB-4FB4-A299-932D8AC16AFF}.Debug|Any CPU.Build.0 = Debug|Any CPU
		{163DBA27-74CB-4FB4-A299-932D8AC16AFF}.Release|Any CPU.ActiveCfg = Release|Any CPU
		{163DBA27-74CB-4FB4-A299-932D8AC16AFF}.Release|Any CPU.Build.0 = Release|Any CPU
		{C54E63DD-0473-480E-8E75-81C6898F13F5}.Debug|Any CPU.ActiveCfg = Debug|Any CPU
		{C54E63DD-0473-480E-8E75-81C6898F13F5}.Debug|Any CPU.Build.0 = Debug|Any CPU
		{C54E63DD-0473-480E-8E75-81C6898F13F5}.Release|Any CPU.ActiveCfg = Release|Any CPU
		{C54E63DD-0473-480E-8E75-81C6898F13F5}.Release|Any CPU.Build.0 = Release|Any CPU
		{E9BCFEA1-958D-4B9E-97BC-216E57B1B683}.Debug|Any CPU.ActiveCfg = Debug|Any CPU
		{E9BCFEA1-958D-4B9E-97BC-216E57B1B683}.Debug|Any CPU.Build.0 = Debug|Any CPU
		{E9BCFEA1-958D-4B9E-97BC-216E57B1B683}.Release|Any CPU.ActiveCfg = Release|Any CPU
		{E9BCFEA1-958D-4B9E-97BC-216E57B1B683}.Release|Any CPU.Build.0 = Release|Any CPU
		{DEC5C2C9-F157-41F7-931E-5332EC71E3F8}.Debug|Any CPU.ActiveCfg = Debug|Any CPU
		{DEC5C2C9-F157-41F7-931E-5332EC71E3F8}.Debug|Any CPU.Build.0 = Debug|Any CPU
		{DEC5C2C9-F157-41F7-931E-5332EC71E3F8}.Release|Any CPU.ActiveCfg = Release|Any CPU
		{DEC5C2C9-F157-41F7-931E-5332EC71E3F8}.Release|Any CPU.Build.0 = Release|Any CPU
		{9CE84C68-758E-402D-958F-94393D1F84A0}.Debug|Any CPU.ActiveCfg = Debug|Any CPU
		{9CE84C68-758E-402D-958F-94393D1F84A0}.Debug|Any CPU.Build.0 = Debug|Any CPU
		{9CE84C68-758E-402D-958F-94393D1F84A0}.Release|Any CPU.ActiveCfg = Release|Any CPU
		{9CE84C68-758E-402D-958F-94393D1F84A0}.Release|Any CPU.Build.0 = Release|Any CPU
	EndGlobalSection
	GlobalSection(SolutionProperties) = preSolution
		HideSolutionNode = FALSE
	EndGlobalSection
	GlobalSection(NestedProjects) = preSolution
		{BC63D1A8-52F7-4B66-8160-0A9B4796FFF3} = {7A1DCE7F-7ACD-404A-8762-469DBFA90CD3}
		{A420A739-E409-4DBF-909D-B6036BB29ADE} = {7A1DCE7F-7ACD-404A-8762-469DBFA90CD3}
		{93DF4D6D-3827-4E67-9DEA-84CDDEE5B966} = {3876DDC7-57F5-46B7-BBB7-ECB1ED0BF2A9}
		{163DBA27-74CB-4FB4-A299-932D8AC16AFF} = {DBCB18E6-E055-494E-852C-D33729843820}
		{C54E63DD-0473-480E-8E75-81C6898F13F5} = {1D8E4D49-FBAF-47E0-8EDA-D9F02B63078D}
		{E9BCFEA1-958D-4B9E-97BC-216E57B1B683} = {3876DDC7-57F5-46B7-BBB7-ECB1ED0BF2A9}
		{DEC5C2C9-F157-41F7-931E-5332EC71E3F8} = {3876DDC7-57F5-46B7-BBB7-ECB1ED0BF2A9}
		{9CE84C68-758E-402D-958F-94393D1F84A0} = {DBCB18E6-E055-494E-852C-D33729843820}
	EndGlobalSection
EndGlobal
